# THIS IS AN AUTOGENERATED FILE. DO NOT EDIT THIS FILE DIRECTLY.
# yarn lockfile v1


async-validator@^1.8.2:
  version "1.8.2"
  resolved "http://registry.npm.taobao.org/async-validator/download/async-validator-1.8.2.tgz#b77597226e96242f8d531c0d46ae295f62422ba4"
  dependencies:
    babel-runtime "6.x"

babel-runtime@6.x:
  version "6.26.0"
  resolved "http://registry.npm.taobao.org/babel-runtime/download/babel-runtime-6.26.0.tgz#965c7058668e82b55d7bfe04ff2337bc8b5647fe"
  dependencies:
    core-js "^2.4.0"
    regenerator-runtime "^0.11.0"

batch-processor@^1.0.0:
  version "1.0.0"
  resolved "http://registry.npm.taobao.org/batch-processor/download/batch-processor-1.0.0.tgz#75c95c32b748e0850d10c2b168f6bdbe9891ace8"

core-js@^2.4.0:
  version "2.5.5"
  resolved "http://registry.npm.taobao.org/core-js/download/core-js-2.5.5.tgz#b14dde936c640c0579a6b50cabcc132dd6127e3b"

deepmerge@^2.1.0:
  version "2.1.0"
  resolved "http://registry.npm.taobao.org/deepmerge/download/deepmerge-2.1.0.tgz#511a54fff405fc346f0240bb270a3e9533a31102"

element-resize-detector@^1.1.14:
  version "1.1.14"
  resolved "http://registry.npm.taobao.org/element-resize-detector/download/element-resize-detector-1.1.14.tgz#af064a0a618a820ad570a95c5eec5b77be0128c1"
  dependencies:
    batch-processor "^1.0.0"

iview@^2.13.0:
  version "2.13.0"
  resolved "http://registry.npm.taobao.org/iview/download/iview-2.13.0.tgz#34cab55267e1f9a3bde4cbf8bd35ceff2f41b7fb"
  dependencies:
    async-validator "^1.8.2"
    deepmerge "^2.1.0"
    element-resize-detector "^1.1.14"
    js-calendar "^1.2.3"
    lodash.throttle "^4.1.1"
    popper.js "^1.14.1"
    tinycolor2 "^1.4.1"

js-calendar@^1.2.3:
  version "1.2.3"
  resolved "http://registry.npm.taobao.org/js-calendar/download/js-calendar-1.2.3.tgz#a583b0644b4e695ba394f344d103dbcc7a7a7d3e"

lodash.throttle@^4.1.1:
  version "4.1.1"
  resolved "http://registry.npm.taobao.org/lodash.throttle/download/lodash.throttle-4.1.1.tgz#c23e91b710242ac70c37f1e1cda9274cc39bf2f4"

popper.js@^1.14.1:
  version "1.14.3"
  resolved "http://registry.npm.taobao.org/popper.js/download/popper.js-1.14.3.tgz#1438f98d046acf7b4d78cd502bf418ac64d4f095"

regenerator-runtime@^0.11.0:
  version "0.11.1"
  resolved "http://registry.npm.taobao.org/regenerator-runtime/download/regenerator-runtime-0.11.1.tgz#be05ad7f9bf7d22e056f9726cee5017fbf19e2e9"

tinycolor2@^1.4.1:
  version "1.4.1"
  resolved "http://registry.npm.taobao.org/tinycolor2/download/tinycolor2-1.4.1.tgz#f4fad333447bc0b07d4dc8e9209d8f39a8ac77e8"
